// !$*UTF8*$!
{
	archiveVersion = 1;
	classes = {
	};
	objectVersion = 46;
	objects = {

/* Begin PBXBuildFile section */
		235A63251F66F646001EA3A8 /* AppDelegate.swift in Sources */ = {isa = PBXBuildFile; fileRef = 235A63241F66F646001EA3A8 /* AppDelegate.swift */; };
		235A63271F66F646001EA3A8 /* ViewController.swift in Sources */ = {isa = PBXBuildFile; fileRef = 235A63261F66F646001EA3A8 /* ViewController.swift */; };
		235A63291F66F646001EA3A8 /* Assets.xcassets in Resources */ = {isa = PBXBuildFile; fileRef = 235A63281F66F646001EA3A8 /* Assets.xcassets */; };
		235A63361F66F7A3001EA3A8 /* CollectionViewItem.xib in Resources */ = {isa = PBXBuildFile; fileRef = 235A63351F66F7A3001EA3A8 /* CollectionViewItem.xib */; };
		235A633C1F66F804001EA3A8 /* CollectionViewDataSource.swift in Sources */ = {isa = PBXBuildFile; fileRef = 235A63371F66F804001EA3A8 /* CollectionViewDataSource.swift */; };
		235A633D1F66F804001EA3A8 /* CollectionViewDelegate.swift in Sources */ = {isa = PBXBuildFile; fileRef = 235A63381F66F804001EA3A8 /* CollectionViewDelegate.swift */; };
		235A633E1F66F804001EA3A8 /* CollectionViewItem.swift in Sources */ = {isa = PBXBuildFile; fileRef = 235A63391F66F804001EA3A8 /* CollectionViewItem.swift */; };
		235A633F1F66F804001EA3A8 /* CollectionViewLayout.swift in Sources */ = {isa = PBXBuildFile; fileRef = 235A633A1F66F804001EA3A8 /* CollectionViewLayout.swift */; };
		235A63401F66F804001EA3A8 /* NamesModel.swift in Sources */ = {isa = PBXBuildFile; fileRef = 235A633B1F66F804001EA3A8 /* NamesModel.swift */; };
		23A3577D1F66F932006F9DFD /* Main.storyboard in Resources */ = {isa = PBXBuildFile; fileRef = 23A3577B1F66F932006F9DFD /* Main.storyboard */; };
/* End PBXBuildFile section */

/* Begin PBXFileReference section */
		235A63211F66F646001EA3A8 /* NSCollectionView.app */ = {isa = PBXFileReference; explicitFileType = wrapper.application; includeInIndex = 0; path = NSCollectionView.app; sourceTree = BUILT_PRODUCTS_DIR; };
		235A63241F66F646001EA3A8 /* AppDelegate.swift */ = {isa = PBXFileReference; lastKnownFileType = sourcecode.swift; path = AppDelegate.swift; sourceTree = "<group>"; };
		235A63261F66F646001EA3A8 /* ViewController.swift */ = {isa = PBXFileReference; lastKnownFileType = sourcecode.swift; path = ViewController.swift; sourceTree = "<group>"; };
		235A63281F66F646001EA3A8 /* Assets.xcassets */ = {isa = PBXFileReference; lastKnownFileType = folder.assetcatalog; path = Assets.xcassets; sourceTree = "<group>"; };
		235A632D1F66F646001EA3A8 /* Info.plist */ = {isa = PBXFileReference; lastKnownFileType = text.plist.xml; path = Info.plist; sourceTree = "<group>"; };
		235A63351F66F7A3001EA3A8 /* CollectionViewItem.xib */ = {isa = PBXFileReference; fileEncoding = 4; lastKnownFileType = file.xib; path = CollectionViewItem.xib; sourceTree = "<group>"; };
		235A63371F66F804001EA3A8 /* CollectionViewDataSource.swift */ = {isa = PBXFileReference; fileEncoding = 4; lastKnownFileType = sourcecode.swift; path = CollectionViewDataSource.swift; sourceTree = "<group>"; };
		235A63381F66F804001EA3A8 /* CollectionViewDelegate.swift */ = {isa = PBXFileReference; fileEncoding = 4; lastKnownFileType = sourcecode.swift; path = CollectionViewDelegate.swift; sourceTree = "<group>"; };
		235A63391F66F804001EA3A8 /* CollectionViewItem.swift */ = {isa = PBXFileReference; fileEncoding = 4; lastKnownFileType = sourcecode.swift; path = CollectionViewItem.swift; sourceTree = "<group>"; };
		235A633A1F66F804001EA3A8 /* CollectionViewLayout.swift */ = {isa = PBXFileReference; fileEncoding = 4; lastKnownFileType = sourcecode.swift; path = CollectionViewLayout.swift; sourceTree = "<group>"; };
		235A633B1F66F804001EA3A8 /* NamesModel.swift */ = {isa = PBXFileReference; fileEncoding = 4; lastKnownFileType = sourcecode.swift; path = NamesModel.swift; sourceTree = "<group>"; };
		23A3577C1F66F932006F9DFD /* Base */ = {isa = PBXFileReference; lastKnownFileType = file.storyboard; name = Base; path = Base.lproj/Main.storyboard; sourceTree = "<group>"; };
/* End PBXFileReference section */

/* Begin PBXFrameworksBuildPhase section */
		235A631E1F66F646001EA3A8 /* Frameworks */ = {
			isa = PBXFrameworksBuildPhase;
			buildActionMask = 2147483647;
			files = (
			);
			runOnlyForDeploymentPostprocessing = 0;
		};
/* End PBXFrameworksBuildPhase section */

/* Begin PBXGroup section */
		235A63181F66F646001EA3A8 = {
			isa = PBXGroup;
			children = (
				235A63231F66F646001EA3A8 /* NSCollectionView */,
				235A63341F66F77D001EA3A8 /* Supporting Files */,
				235A63221F66F646001EA3A8 /* Products */,
			);
			sourceTree = "<group>";
		};
		235A63221F66F646001EA3A8 /* Products */ = {
			isa = PBXGroup;
			children = (
				235A63211F66F646001EA3A8 /* NSCollectionView.app */,
			);
			name = Products;
			sourceTree = "<group>";
		};
		235A63231F66F646001EA3A8 /* NSCollectionView */ = {
			isa = PBXGroup;
			children = (
				235A63241F66F646001EA3A8 /* AppDelegate.swift */,
				235A63261F66F646001EA3A8 /* ViewController.swift */,
				235A63391F66F804001EA3A8 /* CollectionViewItem.swift */,
				235A633A1F66F804001EA3A8 /* CollectionViewLayout.swift */,
				235A63381F66F804001EA3A8 /* CollectionViewDelegate.swift */,
				235A63371F66F804001EA3A8 /* CollectionViewDataSource.swift */,
				235A633B1F66F804001EA3A8 /* NamesModel.swift */,
				235A63281F66F646001EA3A8 /* Assets.xcassets */,
				235A63331F66F76D001EA3A8 /* Resources */,
			);
			path = NSCollectionView;
			sourceTree = "<group>";
		};
		235A63331F66F76D001EA3A8 /* Resources */ = {
			isa = PBXGroup;
			children = (
				23A3577B1F66F932006F9DFD /* Main.storyboard */,
				235A63351F66F7A3001EA3A8 /* CollectionViewItem.xib */,
			);
			name = Resources;
			sourceTree = "<group>";
		};
		235A63341F66F77D001EA3A8 /* Supporting Files */ = {
			isa = PBXGroup;
			children = (
				235A632D1F66F646001EA3A8 /* Info.plist */,
			);
			name = "Supporting Files";
			path = NSCollectionView;
			sourceTree = "<group>";
		};
/* End PBXGroup section */

/* Begin PBXNativeTarget section */
		235A63201F66F646001EA3A8 /* NSCollectionView */ = {
			isa = PBXNativeTarget;
			buildConfigurationList = 235A63301F66F646001EA3A8 /* Build configuration list for PBXNativeTarget "NSCollectionView" */;
			buildPhases = (
				235A631D1F66F646001EA3A8 /* Sources */,
				235A631E1F66F646001EA3A8 /* Frameworks */,
				235A631F1F66F646001EA3A8 /* Resources */,
			);
			buildRules = (
			);
			dependencies = (
			);
			name = NSCollectionView;
			productName = NSCollectionView;
			productReference = 235A63211F66F646001EA3A8 /* NSCollectionView.app */;
			productType = "com.apple.product-type.application";
		};
/* End PBXNativeTarget section */

/* Begin PBXProject section */
		235A63191F66F646001EA3A8 /* Project object */ = {
			isa = PBXProject;
			attributes = {
				LastSwiftUpdateCheck = 0830;
				LastUpgradeCheck = 0830;
				ORGANIZATIONNAME = "Albert Sanchez";
				TargetAttributes = {
					235A63201F66F646001EA3A8 = {
						CreatedOnToolsVersion = 8.3.3;
						ProvisioningStyle = Automatic;
					};
				};
			};
			buildConfigurationList = 235A631C1F66F646001EA3A8 /* Build configuration list for PBXProject "NSCollectionView" */;
			compatibilityVersion = "Xcode 3.2";
			developmentRegion = English;
			hasScannedForEncodings = 0;
			knownRegions = (
				en,
				Base,
			);
			mainGroup = 235A63181F66F646001EA3A8;
			productRefGroup = 235A63221F66F646001EA3A8 /* Products */;
			projectDirPath = "";
			projectRoot = "";
			targets = (
				235A63201F66F646001EA3A8 /* NSCollectionView */,
			);
		};
/* End PBXProject section */

/* Begin PBXResourcesBuildPhase section */
		235A631F1F66F646001EA3A8 /* Resources */ = {
			isa = PBXResourcesBuildPhase;
			buildActionMask = 2147483647;
			files = (
				23A3577D1F66F932006F9DFD /* Main.storyboard in Resources */,
				235A63291F66F646001EA3A8 /* Assets.xcassets in Resources */,
				235A63361F66F7A3001EA3A8 /* CollectionViewItem.xib in Resources */,
			);
			runOnlyForDeploymentPostprocessing = 0;
		};
/* End PBXResourcesBuildPhase section */

/* Begin PBXSourcesBuildPhase section */
		235A631D1F66F646001EA3A8 /* Sources */ = {
			isa = PBXSourcesBuildPhase;
			buildActionMask = 2147483647;
			files = (
				235A633F1F66F804001EA3A8 /* CollectionViewLayout.swift in Sources */,
				235A63271F66F646001EA3A8 /* ViewController.swift in Sources */,
				235A633D1F66F804001EA3A8 /* CollectionViewDelegate.swift in Sources */,
				235A633C1F66F804001EA3A8 /* CollectionViewDataSource.swift in Sources */,
				235A63401F66F804001EA3A8 /* NamesModel.swift in Sources */,
				235A633E1F66F804001EA3A8 /* CollectionViewItem.swift in Sources */,
				235A63251F66F646001EA3A8 /* AppDelegate.swift in Sources */,
			);
			runOnlyForDeploymentPostprocessing = 0;
		};
/* End PBXSourcesBuildPhase section */

/* Begin PBXVariantGroup section */
		23A3577B1F66F932006F9DFD /* Main.storyboard */ = {
			isa = PBXVariantGroup;
			children = (
				23A3577C1F66F932006F9DFD /* Base */,
			);
			name = Main.storyboard;
			sourceTree = "<group>";
		};
/* End PBXVariantGroup section */

/* Begin XCBuildConfiguration section */
		235A632E1F66F646001EA3A8 /* Debug */ = {
			isa = XCBuildConfiguration;
			buildSettings = {
				ALWAYS_SEARCH_USER_PATHS = NO;
				CLANG_ANALYZER_NONNULL = YES;
				CLANG_ANALYZER_NUMBER_OBJECT_CONVERSION = YES_AGGRESSIVE;
				CLANG_CXX_LANGUAGE_STANDARD = "gnu++0x";
				CLANG_CXX_LIBRARY = "libc++";
				CLANG_ENABLE_MODULES = YES;
				CLANG_ENABLE_OBJC_ARC = YES;
				CLANG_WARN_BOOL_CONVERSION = YES;
				CLANG_WARN_CONSTANT_CONVERSION = YES;
				CLANG_WARN_DIRECT_OBJC_ISA_USAGE = YES_ERROR;
				CLANG_WARN_DOCUMENTATION_COMMENTS = YES;
				CLANG_WARN_EMPTY_BODY = YES;
				CLANG_WARN_ENUM_CONVERSION = YES;
				CLANG_WARN_INFINITE_RECURSION = YES;
				CLANG_WARN_INT_CONVERSION = YES;
				CLANG_WARN_OBJC_ROOT_CLASS = YES_ERROR;
				CLANG_WARN_SUSPICIOUS_MOVE = YES;
				CLANG_WARN_UNREACHABLE_CODE = YES;
				CLANG_WARN__DUPLICATE_METHOD_MATCH = YES;
				CODE_SIGN_IDENTITY = "-";
				COPY_PHASE_STRIP = NO;
				DEBUG_INFORMATION_FORMAT = dwarf;
				ENABLE_STRICT_OBJC_MSGSEND = YES;
				ENABLE_TESTABILITY = YES;
				GCC_C_LANGUAGE_STANDARD = gnu99;
				GCC_DYNAMIC_NO_PIC = NO;
				GCC_NO_COMMON_BLOCKS = YES;
				GCC_OPTIMIZATION_LEVEL = 0;
				GCC_PREPROCESSOR_DEFINITIONS = (
					"DEBUG=1",
					"$(inherited)",
				);
				GCC_WARN_64_TO_32_BIT_CONVERSION = YES;
				GCC_WARN_ABOUT_RETURN_TYPE = YES_ERROR;
				GCC_WARN_UNDECLARED_SELECTOR = YES;
				GCC_WARN_UNINITIALIZED_AUTOS = YES_AGGRESSIVE;
				GCC_WARN_UNUSED_FUNCTION = YES;
				GCC_WARN_UNUSED_VARIABLE = YES;
				MACOSX_DEPLOYMENT_TARGET = 10.12;
				MTL_ENABLE_DEBUG_INFO = YES;
				ONLY_ACTIVE_ARCH = YES;
				SDKROOT = macosx;
				SWIFT_ACTIVE_COMPILATION_CONDITIONS = DEBUG;
				SWIFT_OPTIMIZATION_LEVEL = "-Onone";
			};
			name = Debug;
		};
		235A632F1F66F646001EA3A8 /* Release */ = {
			isa = XCBuildConfiguration;
			buildSettings = {
				ALWAYS_SEARCH_USER_PATHS = NO;
				CLANG_ANALYZER_NONNULL = YES;
				CLANG_ANALYZER_NUMBER_OBJECT_CONVERSION = YES_AGGRESSIVE;
				CLANG_CXX_LANGUAGE_STANDARD = "gnu++0x";
				CLANG_CXX_LIBRARY = "libc++";
				CLANG_ENABLE_MODULES = YES;
				CLANG_ENABLE_OBJC_ARC = YES;
				CLANG_WARN_BOOL_CONVERSION = YES;
				CLANG_WARN_CONSTANT_CONVERSION = YES;
				CLANG_WARN_DIRECT_OBJC_ISA_USAGE = YES_ERROR;
				CLANG_WARN_DOCUMENTATION_COMMENTS = YES;
				CLANG_WARN_EMPTY_BODY = YES;
				CLANG_WARN_ENUM_CONVERSION = YES;
				CLANG_WARN_INFINITE_RECURSION = YES;
				CLANG_WARN_INT_CONVERSION = YES;
				CLANG_WARN_OBJC_ROOT_CLASS = YES_ERROR;
				CLANG_WARN_SUSPICIOUS_MOVE = YES;
				CLANG_WARN_UNREACHABLE_CODE = YES;
				CLANG_WARN__DUPLICATE_METHOD_MATCH = YES;
				CODE_SIGN_IDENTITY = "-";
				COPY_PHASE_STRIP = NO;
				DEBUG_INFORMATION_FORMAT = "dwarf-with-dsym";
				ENABLE_NS_ASSERTIONS = NO;
				ENABLE_STRICT_OBJC_MSGSEND = YES;
				GCC_C_LANGUAGE_STANDARD = gnu99;
				GCC_NO_COMMON_BLOCKS = YES;
				GCC_WARN_64_TO_32_BIT_CONVERSION = YES;
				GCC_WARN_ABOUT_RETURN_TYPE = YES_ERROR;
				GCC_WARN_UNDECLARED_SELECTOR = YES;
				GCC_WARN_UNINITIALIZED_AUTOS = YES_AGGRESSIVE;
				GCC_WARN_UNUSED_FUNCTION = YES;
				GCC_WARN_UNUSED_VARIABLE = YES;
				MACOSX_DEPLOYMENT_TARGET = 10.12;
				MTL_ENABLE_DEBUG_INFO = NO;
				SDKROOT = macosx;
				SWIFT_OPTIMIZATION_LEVEL = "-Owholemodule";
			};
			name = Release;
		};
		235A63311F66F646001EA3A8 /* Debug */ = {
			isa = XCBuildConfiguration;
			buildSettings = {
				ASSETCATALOG_COMPILER_APPICON_NAME = AppIcon;
				COMBINE_HIDPI_IMAGES = YES;
				INFOPLIST_FILE = NSCollectionView/Info.plist;
				LD_RUNPATH_SEARCH_PATHS = "$(inherited) @executable_path/../Frameworks";
				PRODUCT_BUNDLE_IDENTIFIER = com.albertsanchez.NSCollectionView;
				PRODUCT_NAME = "$(TARGET_NAME)";
				SWIFT_VERSION = 3.0;
			};
			name = Debug;
		};
		235A63321F66F646001EA3A8 /* Release */ = {
			isa = XCBuildConfiguration;
			buildSettings = {
				ASSETCATALOG_COMPILER_APPICON_NAME = AppIcon;
				COMBINE_HIDPI_IMAGES = YES;
				INFOPLIST_FILE = NSCollectionView/Info.plist;
				LD_RUNPATH_SEARCH_PATHS = "$(inherited) @executable_path/../Frameworks";
				PRODUCT_BUNDLE_IDENTIFIER = com.albertsanchez.NSCollectionView;
				PRODUCT_NAME = "$(TARGET_NAME)";
				SWIFT_VERSION = 3.0;
			};
			name = Release;
		};
/* End XCBuildConfiguration section */

/* Begin XCConfigurationList section */
		235A631C1F66F646001EA3A8 /* Build configuration list for PBXProject "NSCollectionView" */ = {
			isa = XCConfigurationList;
			buildConfigurations = (
				235A632E1F66F646001EA3A8 /* Debug */,
				235A632F1F66F646001EA3A8 /* Release */,
			);
			defaultConfigurationIsVisible = 0;
			defaultConfigurationName = Release;
		};
		235A63301F66F646001EA3A8 /* Build configuration list for PBXNativeTarget "NSCollectionView" */ = {
			isa = XCConfigurationList;
			buildConfigurations = (
				235A63311F66F646001EA3A8 /* Debug */,
				235A63321F66F646001EA3A8 /* Release */,
			);
			defaultConfigurationIsVisible = 0;
			defaultConfigurationName = Release;
		};
/* End XCConfigurationList section */
	};
	rootObject = 235A63191F66F646001EA3A8 /* Project object */;
}
